{
  "name": "dailytech",
  "version": "1.0.0",
  "lockfileVersion": 2,
  "requires": true,
  "packages": {
    "": {
      "name": "dailytech",
      "version": "1.0.0",
      "dependencies": {
        "firebase": "^10.12.2",
        "react": "^19.1.0",
        "react-dom": "^19.1.0",
        "react-router-dom": "^6.23.0",
        "react-scripts": "^5.0.1"
      }
    }
  },
  "dependencies": {
    "firebase": {
      "version": "^10.12.2",
      "resolved": "",
      "integrity": "",
      "requires": {}
    },
    "react": {
      "version": "^19.1.0",
      "resolved": "",
      "integrity": "",
      "requires": {}
    },
    "react-dom": {
      "version": "^19.1.0",
      "resolved": "",
      "integrity": "",
      "requires": {}
    },
    "react-router-dom": {
      "version": "^6.23.0",
      "resolved": "",
      "integrity": "",
      "requires": {}
    },
    "react-scripts": {
      "version": "^5.0.1",
      "resolved": "",
      "integrity": "",
      "requires": {}
    }
  }
}
